
Microsoft Visual Studio Solution File, Format Version 12.00
# Visual Studio Version 17
VisualStudioVersion = 17.8.34309.116
MinimumVisualStudioVersion = 10.0.40219.1
Project("{9A19103F-16F7-4668-BE54-9A1E7A4F7556}") = "Korn", "Korn\Korn.csproj", "{8EB83E09-3FE1-4FDB-8DF4-FDC7052F8B3B}"
EndProject
Project("{9A19103F-16F7-4668-BE54-9A1E7A4F7556}") = "Test", "Test\Test.csproj", "{DFBF363E-1CD7-4A09-9956-89D1E35A99EA}"
EndProject
Project("{9A19103F-16F7-4668-BE54-9A1E7A4F7556}") = "BuildPackage", "BuildPackage\BuildPackage.csproj", "{855FD64A-082A-4E40-A8F5-D50BCDD2DF1B}"
EndProject
Project("{9A19103F-16F7-4668-BE54-9A1E7A4F7556}") = "Korn.Tasks", "Korn.Tasks\Korn.Tasks.csproj", "{879FAC48-CE65-4C84-8DD0-FC579E0535B3}"
EndProject
Project("{9A19103F-16F7-4668-BE54-9A1E7A4F7556}") = "Korn.Core", "Korn.Core\Korn.Core.csproj", "{23081CF7-6032-4D74-8EA6-286FE63B3225}"
EndProject
Project("{9A19103F-16F7-4668-BE54-9A1E7A4F7556}") = "Korn.Analyzer", "Korn.Analyzer\Korn.Analyzer.csproj", "{4C34C645-D03C-4A19-9F36-EC715B63BF27}"
EndProject
Project("{9A19103F-16F7-4668-BE54-9A1E7A4F7556}") = "Auxiliary", "Auxiliary\Auxiliary.csproj", "{9B825E04-BB8E-4881-BDB6-198FB3AC8F0D}"
EndProject
Project("{9A19103F-16F7-4668-BE54-9A1E7A4F7556}") = "Test_", "Test_\Test_.csproj", "{93AB2A9C-2C10-4403-93D4-D8F9B2F8465C}"
EndProject
Project("{9A19103F-16F7-4668-BE54-9A1E7A4F7556}") = "Korn.Commands", "Korn.Commands\Korn.Commands.csproj", "{F0BC23C1-2EB3-4B50-ACA6-4B801D15D1F0}"
EndProject
Project("{2150E333-8FDC-42A3-9474-1A3956D46DE8}") = "Libraries", "Libraries", "{E2279B8D-BDD0-4775-8FAF-189E9A7E39C1}"
EndProject
Project("{9A19103F-16F7-4668-BE54-9A1E7A4F7556}") = "DotnetNative.Base", "..\DotnetNative.Base\DotnetNative.Base\DotnetNative.Base.csproj", "{93209E8B-1029-446B-AEC4-979D65564F59}"
EndProject
Global
	GlobalSection(SolutionConfigurationPlatforms) = preSolution
		Debug|x64 = Debug|x64
		Release|x64 = Release|x64
	EndGlobalSection
	GlobalSection(ProjectConfigurationPlatforms) = postSolution
		{8EB83E09-3FE1-4FDB-8DF4-FDC7052F8B3B}.Debug|x64.ActiveCfg = Debug|x64
		{8EB83E09-3FE1-4FDB-8DF4-FDC7052F8B3B}.Debug|x64.Build.0 = Debug|x64
		{8EB83E09-3FE1-4FDB-8DF4-FDC7052F8B3B}.Release|x64.ActiveCfg = Release|x64
		{8EB83E09-3FE1-4FDB-8DF4-FDC7052F8B3B}.Release|x64.Build.0 = Release|x64
		{DFBF363E-1CD7-4A09-9956-89D1E35A99EA}.Debug|x64.ActiveCfg = Debug|x64
		{DFBF363E-1CD7-4A09-9956-89D1E35A99EA}.Debug|x64.Build.0 = Debug|x64
		{DFBF363E-1CD7-4A09-9956-89D1E35A99EA}.Release|x64.ActiveCfg = Release|x64
		{DFBF363E-1CD7-4A09-9956-89D1E35A99EA}.Release|x64.Build.0 = Release|x64
		{855FD64A-082A-4E40-A8F5-D50BCDD2DF1B}.Debug|x64.ActiveCfg = Debug|x64
		{855FD64A-082A-4E40-A8F5-D50BCDD2DF1B}.Debug|x64.Build.0 = Debug|x64
		{855FD64A-082A-4E40-A8F5-D50BCDD2DF1B}.Release|x64.ActiveCfg = Release|x64
		{855FD64A-082A-4E40-A8F5-D50BCDD2DF1B}.Release|x64.Build.0 = Release|x64
		{879FAC48-CE65-4C84-8DD0-FC579E0535B3}.Debug|x64.ActiveCfg = Debug|x64
		{879FAC48-CE65-4C84-8DD0-FC579E0535B3}.Debug|x64.Build.0 = Debug|x64
		{879FAC48-CE65-4C84-8DD0-FC579E0535B3}.Release|x64.ActiveCfg = Release|x64
		{879FAC48-CE65-4C84-8DD0-FC579E0535B3}.Release|x64.Build.0 = Release|x64
		{23081CF7-6032-4D74-8EA6-286FE63B3225}.Debug|x64.ActiveCfg = Debug|x64
		{23081CF7-6032-4D74-8EA6-286FE63B3225}.Debug|x64.Build.0 = Debug|x64
		{23081CF7-6032-4D74-8EA6-286FE63B3225}.Release|x64.ActiveCfg = Release|x64
		{23081CF7-6032-4D74-8EA6-286FE63B3225}.Release|x64.Build.0 = Release|x64
		{4C34C645-D03C-4A19-9F36-EC715B63BF27}.Debug|x64.ActiveCfg = Debug|x64
		{4C34C645-D03C-4A19-9F36-EC715B63BF27}.Debug|x64.Build.0 = Debug|x64
		{4C34C645-D03C-4A19-9F36-EC715B63BF27}.Release|x64.ActiveCfg = Release|x64
		{4C34C645-D03C-4A19-9F36-EC715B63BF27}.Release|x64.Build.0 = Release|x64
		{9B825E04-BB8E-4881-BDB6-198FB3AC8F0D}.Debug|x64.ActiveCfg = Debug|x64
		{9B825E04-BB8E-4881-BDB6-198FB3AC8F0D}.Debug|x64.Build.0 = Debug|x64
		{9B825E04-BB8E-4881-BDB6-198FB3AC8F0D}.Release|x64.ActiveCfg = Release|x64
		{9B825E04-BB8E-4881-BDB6-198FB3AC8F0D}.Release|x64.Build.0 = Release|x64
		{93AB2A9C-2C10-4403-93D4-D8F9B2F8465C}.Debug|x64.ActiveCfg = Debug|x64
		{93AB2A9C-2C10-4403-93D4-D8F9B2F8465C}.Debug|x64.Build.0 = Debug|x64
		{93AB2A9C-2C10-4403-93D4-D8F9B2F8465C}.Release|x64.ActiveCfg = Release|x64
		{93AB2A9C-2C10-4403-93D4-D8F9B2F8465C}.Release|x64.Build.0 = Release|x64
		{F0BC23C1-2EB3-4B50-ACA6-4B801D15D1F0}.Debug|x64.ActiveCfg = Debug|x64
		{F0BC23C1-2EB3-4B50-ACA6-4B801D15D1F0}.Debug|x64.Build.0 = Debug|x64
		{F0BC23C1-2EB3-4B50-ACA6-4B801D15D1F0}.Release|x64.ActiveCfg = Release|x64
		{F0BC23C1-2EB3-4B50-ACA6-4B801D15D1F0}.Release|x64.Build.0 = Release|x64
		{93209E8B-1029-446B-AEC4-979D65564F59}.Debug|x64.ActiveCfg = Debug|x64
		{93209E8B-1029-446B-AEC4-979D65564F59}.Debug|x64.Build.0 = Debug|x64
		{93209E8B-1029-446B-AEC4-979D65564F59}.Release|x64.ActiveCfg = Release|x64
		{93209E8B-1029-446B-AEC4-979D65564F59}.Release|x64.Build.0 = Release|x64
	EndGlobalSection
	GlobalSection(SolutionProperties) = preSolution
		HideSolutionNode = FALSE
	EndGlobalSection
	GlobalSection(NestedProjects) = preSolution
		{93209E8B-1029-446B-AEC4-979D65564F59} = {E2279B8D-BDD0-4775-8FAF-189E9A7E39C1}
	EndGlobalSection
	GlobalSection(ExtensibilityGlobals) = postSolution
		SolutionGuid = {5DCEDE76-6F86-440E-845E-39AEB851FA12}
	EndGlobalSection
EndGlobal
